
Microsoft Visual Studio Solution File, Format Version 12.00
# Visual Studio Version 17
VisualStudioVersion = 17.14.36221.1
MinimumVisualStudioVersion = 10.0.40219.1
Project("{2150E333-8FDC-42A3-9474-1A3956D46DE8}") = "src", "src", "{02EA681E-C7D8-13C7-8484-4AC65E1B71E8}"
EndProject
Project("{2150E333-8FDC-42A3-9474-1A3956D46DE8}") = "test", "test", "{40D39A9B-FD44-41C1-A6C1-0FF4D906E248}"
EndProject
Project("{9A19103F-16F7-4668-BE54-9A1E7A4F7556}") = "Catalog.Domain", "src\Catalog.Domain\Catalog.Domain.csproj", "{89AEC086-B4C7-4685-AE08-711386622B76}"
EndProject
Project("{2150E333-8FDC-42A3-9474-1A3956D46DE8}") = "Solution Items", "Solution Items", "{8EC462FD-D22E-90A8-E5CE-7E832BA40C5D}"
	ProjectSection(SolutionItems) = preProject
		.dockerignore = .dockerignore
		.gitattributes = .gitattributes
		.gitignore = .gitignore
	EndProjectSection
EndProject
Project("{9A19103F-16F7-4668-BE54-9A1E7A4F7556}") = "Catalog.Application", "src\Catalog.Application\Catalog.Application.csproj", "{9D70F35F-18D1-418F-9403-ED4DC3020D38}"
EndProject
Project("{9A19103F-16F7-4668-BE54-9A1E7A4F7556}") = "Catalog.API", "src\Catalog.API\Catalog.API.csproj", "{4D17B900-0B3D-442C-A4F4-21CD18456BE7}"
EndProject
Project("{9A19103F-16F7-4668-BE54-9A1E7A4F7556}") = "Catalog.Infrastructure", "src\Catalog.Infrastructure\Catalog.Infrastructure.csproj", "{A2B7E95C-C505-9513-5E2C-4A3195473F7C}"
EndProject
Project("{FAE04EC0-301F-11D3-BF4B-00C04F79EFBC}") = "Catalog.API.Tests", "Catalog.API.Tests\Catalog.API.Tests.csproj", "{D2B2D514-1B44-4775-B35D-D128CF5FD16A}"
EndProject
Project("{FAE04EC0-301F-11D3-BF4B-00C04F79EFBC}") = "Catalog.Application.Tests", "Catalog.Application.Tests\Catalog.Application.Tests.csproj", "{4A160D60-E90C-4AD6-BD80-789FF7A24A31}"
EndProject
Global
	GlobalSection(SolutionConfigurationPlatforms) = preSolution
		Debug|Any CPU = Debug|Any CPU
		Release|Any CPU = Release|Any CPU
	EndGlobalSection
	GlobalSection(ProjectConfigurationPlatforms) = postSolution
		{89AEC086-B4C7-4685-AE08-711386622B76}.Debug|Any CPU.ActiveCfg = Debug|Any CPU
		{89AEC086-B4C7-4685-AE08-711386622B76}.Debug|Any CPU.Build.0 = Debug|Any CPU
		{89AEC086-B4C7-4685-AE08-711386622B76}.Release|Any CPU.ActiveCfg = Release|Any CPU
		{89AEC086-B4C7-4685-AE08-711386622B76}.Release|Any CPU.Build.0 = Release|Any CPU
		{9D70F35F-18D1-418F-9403-ED4DC3020D38}.Debug|Any CPU.ActiveCfg = Debug|Any CPU
		{9D70F35F-18D1-418F-9403-ED4DC3020D38}.Debug|Any CPU.Build.0 = Debug|Any CPU
		{9D70F35F-18D1-418F-9403-ED4DC3020D38}.Release|Any CPU.ActiveCfg = Release|Any CPU
		{9D70F35F-18D1-418F-9403-ED4DC3020D38}.Release|Any CPU.Build.0 = Release|Any CPU
		{4D17B900-0B3D-442C-A4F4-21CD18456BE7}.Debug|Any CPU.ActiveCfg = Debug|Any CPU
		{4D17B900-0B3D-442C-A4F4-21CD18456BE7}.Debug|Any CPU.Build.0 = Debug|Any CPU
		{4D17B900-0B3D-442C-A4F4-21CD18456BE7}.Release|Any CPU.ActiveCfg = Release|Any CPU
		{4D17B900-0B3D-442C-A4F4-21CD18456BE7}.Release|Any CPU.Build.0 = Release|Any CPU
		{A2B7E95C-C505-9513-5E2C-4A3195473F7C}.Debug|Any CPU.ActiveCfg = Debug|Any CPU
		{A2B7E95C-C505-9513-5E2C-4A3195473F7C}.Debug|Any CPU.Build.0 = Debug|Any CPU
		{A2B7E95C-C505-9513-5E2C-4A3195473F7C}.Release|Any CPU.ActiveCfg = Release|Any CPU
		{A2B7E95C-C505-9513-5E2C-4A3195473F7C}.Release|Any CPU.Build.0 = Release|Any CPU
		{D2B2D514-1B44-4775-B35D-D128CF5FD16A}.Debug|Any CPU.ActiveCfg = Debug|Any CPU
		{D2B2D514-1B44-4775-B35D-D128CF5FD16A}.Debug|Any CPU.Build.0 = Debug|Any CPU
		{D2B2D514-1B44-4775-B35D-D128CF5FD16A}.Release|Any CPU.ActiveCfg = Release|Any CPU
		{D2B2D514-1B44-4775-B35D-D128CF5FD16A}.Release|Any CPU.Build.0 = Release|Any CPU
		{4A160D60-E90C-4AD6-BD80-789FF7A24A31}.Debug|Any CPU.ActiveCfg = Debug|Any CPU
		{4A160D60-E90C-4AD6-BD80-789FF7A24A31}.Debug|Any CPU.Build.0 = Debug|Any CPU
		{4A160D60-E90C-4AD6-BD80-789FF7A24A31}.Release|Any CPU.ActiveCfg = Release|Any CPU
		{4A160D60-E90C-4AD6-BD80-789FF7A24A31}.Release|Any CPU.Build.0 = Release|Any CPU
	EndGlobalSection
	GlobalSection(SolutionProperties) = preSolution
		HideSolutionNode = FALSE
	EndGlobalSection
	GlobalSection(NestedProjects) = preSolution
		{89AEC086-B4C7-4685-AE08-711386622B76} = {02EA681E-C7D8-13C7-8484-4AC65E1B71E8}
		{9D70F35F-18D1-418F-9403-ED4DC3020D38} = {02EA681E-C7D8-13C7-8484-4AC65E1B71E8}
		{4D17B900-0B3D-442C-A4F4-21CD18456BE7} = {02EA681E-C7D8-13C7-8484-4AC65E1B71E8}
		{A2B7E95C-C505-9513-5E2C-4A3195473F7C} = {02EA681E-C7D8-13C7-8484-4AC65E1B71E8}
		{D2B2D514-1B44-4775-B35D-D128CF5FD16A} = {40D39A9B-FD44-41C1-A6C1-0FF4D906E248}
		{4A160D60-E90C-4AD6-BD80-789FF7A24A31} = {40D39A9B-FD44-41C1-A6C1-0FF4D906E248}
	EndGlobalSection
	GlobalSection(ExtensibilityGlobals) = postSolution
		SolutionGuid = {259A7820-D6DF-4CED-8B6A-BEF0E86A5BBA}
	EndGlobalSection
EndGlobal
